{
  "name": "<your project name>-src",
  "version": "1.0.0",
  "lockfileVersion": 3,
  "requires": true,
  "packages": {
    "": {
      "name": "<your project name>-src",
      "version": "1.0.0",
      "license": "<LICENSE>",
      "dependencies": {
        "@authorui/style": "github:author/style"
      }
    },
    "node_modules/@authorui/style": {
      "version": "1.0.0",
      "resolved": "git+ssh://git@github.com/author/style.git#0c64863f8021a808760c7a0babf9fdc249f400df",
      "license": "UNLICENSED"
    }
  }
}
